%{
  "aws_auth": {:hex, :aws_auth, "0.7.2", "ae67eb824d6f4699759fa6eaa6955008b2f11beafdf3254ec8ab3469d12e6fa3", [:mix], [], "hexpm"},
  "benchee": {:hex, :benchee, "0.13.2", "30cd4ff5f593fdd218a9b26f3c24d580274f297d88ad43383afe525b1543b165", [:mix], [{:deep_merge, "~> 0.1", [hex: :deep_merge, repo: "hexpm", optional: false]}], "hexpm"},
  "combination": {:hex, :combination, "0.0.3", "746aedca63d833293ec6e835aa1f34974868829b1486b1e1cb0685f0b2ae1f41", [:mix], [], "hexpm"},
  "connection": {:hex, :connection, "1.0.4", "a1cae72211f0eef17705aaededacac3eb30e6625b04a6117c1b2db6ace7d5976", [:mix], [], "hexpm"},
  "db_connection": {:hex, :db_connection, "2.0.0-rc.0", "f6960e86b5e524468ec16fb7277e509c784de565ac520213a1813ad2bf7d802f", [:mix], [{:connection, "~> 1.0.2", [hex: :connection, repo: "hexpm", optional: false]}], "hexpm"},
  "decimal": {:hex, :decimal, "1.5.0", "b0433a36d0e2430e3d50291b1c65f53c37d56f83665b43d79963684865beab68", [:mix], [], "hexpm"},
  "deep_merge": {:hex, :deep_merge, "0.2.0", "c1050fa2edf4848b9f556fba1b75afc66608a4219659e3311d9c9427b5b680b3", [:mix], [], "hexpm"},
  "elastic": {:git, "https://github.com/hpaul/elastic", "dbe305eb82f34baf422032a8b12cc4fe23cadfee", []},
  "esqlite": {:hex, :esqlite, "0.2.4", "3a8a352c190afe2d6b828b252a6fbff65b5cc1124647f38b15bdab3bf6fd4b3e", [:rebar3], [], "hexpm"},
  "flow": {:hex, :flow, "0.14.3", "0d92991fe53035894d24aa8dec10dcfccf0ae00c4ed436ace3efa9813a646902", [:mix], [{:gen_stage, "~> 0.14.0", [hex: :gen_stage, repo: "hexpm", optional: false]}], "hexpm"},
  "gen_stage": {:hex, :gen_stage, "0.14.1", "9d46723fda072d4f4bb31a102560013f7960f5d80ea44dcb96fd6304ed61e7a4", [:mix], [], "hexpm"},
  "httpotion": {:hex, :httpotion, "3.0.3", "17096ea1a7c0b2df74509e9c15a82b670d66fc4d66e6ef584189f63a9759428d", [:mix], [{:ibrowse, "~> 4.4", [hex: :ibrowse, repo: "hexpm", optional: false]}], "hexpm"},
  "ibrowse": {:hex, :ibrowse, "4.4.1", "2b7d0637b0f8b9b4182de4bd0f2e826a4da2c9b04898b6e15659ba921a8d6ec2", [:rebar3], [], "hexpm"},
  "jason": {:hex, :jason, "1.1.2", "b03dedea67a99223a2eaf9f1264ce37154564de899fd3d8b9a21b1a6fd64afe7", [:mix], [{:decimal, "~> 1.0", [hex: :decimal, repo: "hexpm", optional: true]}], "hexpm"},
  "mariaex": {:hex, :mariaex, "0.9.0-rc.0", "8a056b38a22ebdd730fc50b04f770e43ae8f24c42e15bcb9bfe2b8b673609abb", [:mix], [{:db_connection, "~> 2.0-rc.0", [hex: :db_connection, repo: "hexpm", optional: false]}, {:decimal, "~> 1.2", [hex: :decimal, repo: "hexpm", optional: false]}, {:poison, ">= 0.0.0", [hex: :poison, repo: "hexpm", optional: true]}], "hexpm"},
  "nimble_csv": {:hex, :nimble_csv, "0.5.0", "616dfbcd5954102b02f000b1c77cd211d0cd4eed08e1ea675c25b1f9ff689dd0", [:mix], [], "hexpm"},
  "poison": {:hex, :poison, "3.1.0", "d9eb636610e096f86f25d9a46f35a9facac35609a7591b3be3326e99a0484665", [:mix], [], "hexpm"},
  "poolboy": {:hex, :poolboy, "1.5.1", "6b46163901cfd0a1b43d692657ed9d7e599853b3b21b95ae5ae0a777cf9b6ca8", [:rebar], [], "hexpm"},
  "rox": {:hex, :rox, "2.2.1", "847593765a119b48b1de381a874b692eac5375c79a6fd82b4c6353b98b7d9fdb", [:mix], [{:rustler, "~> 0.10", [hex: :rustler, repo: "hexpm", optional: false]}], "hexpm"},
  "rustler": {:hex, :rustler, "0.18.0", "db4bd0c613d83a1badc31be90ddada6f9821de29e4afd15c53a5da61882e4f2d", [:mix], [], "hexpm"},
  "sqlitex": {:hex, :sqlitex, "1.4.3", "a50f12d6aeb25f4ebb128453386c09bbba8f5abd3c7713dc5eaa92f359926ac5", [:mix], [{:decimal, "~> 1.5", [hex: :decimal, repo: "hexpm", optional: false]}, {:esqlite, "~> 0.2.4", [hex: :esqlite, repo: "hexpm", optional: false]}], "hexpm"},
}
